
Microsoft Visual Studio Solution File, Format Version 12.00
# Visual Studio 15
Project("{FAE04EC0-301F-11D3-BF4B-00C04F79EFBC}") = "trabajoPractico5", "trabajoPractico5\trabajoPractico5.csproj", "{CCDBD150-9E97-4D12-8014-909C9227B7A2}"
EndProject
Global
	GlobalSection(SolutionConfigurationPlatforms) = preSolution
		Debug|Any CPU = Debug|Any CPU
		Release|Any CPU = Release|Any CPU
	EndGlobalSection
	GlobalSection(ProjectConfigurationPlatforms) = postSolution
		{CCDBD150-9E97-4D12-8014-909C9227B7A2}.Debug|Any CPU.ActiveCfg = Debug|Any CPU
		{CCDBD150-9E97-4D12-8014-909C9227B7A2}.Debug|Any CPU.Build.0 = Debug|Any CPU
		{CCDBD150-9E97-4D12-8014-909C9227B7A2}.Release|Any CPU.ActiveCfg = Release|Any CPU
		{CCDBD150-9E97-4D12-8014-909C9227B7A2}.Release|Any CPU.Build.0 = Release|Any CPU
	EndGlobalSection
EndGlobal
